PODS:
  - Alamofire (5.5.0)
  - Faye (2.2.4):
    - Starscream (~> 4.0)
  - GetStream (2.2.4):
    - GetStream/Core (= 2.2.4)
    - GetStream/Faye (= 2.2.4)
  - GetStream/Core (2.2.4):
    - Moya (~> 14.0)
    - Swime (~> 3.0)
  - GetStream/Faye (2.2.4):
    - Faye
    - GetStream/Core
  - Moya (14.0.0):
    - Moya/Core (= 14.0.0)
  - Moya/Core (14.0.0):
    - Alamofire (~> 5.0)
  - Nuke (10.7.1)
  - Reusable (4.1.2):
    - Reusable/Storyboard (= 4.1.2)
    - Reusable/View (= 4.1.2)
  - Reusable/Storyboard (4.1.2)
  - Reusable/View (4.1.2)
  - SnapKit (5.0.1)
  - Starscream (4.0.4)
  - Swime (3.0.6)

DEPENDENCIES:
  - GetStream
  - Nuke (~> 10.3)
  - Reusable (~> 4.1)
  - SnapKit (~> 5.0)

SPEC REPOS:
  trunk:
    - Alamofire
    - Faye
    - GetStream
    - Moya
    - Nuke
    - Reusable
    - SnapKit
    - Starscream
    - Swime

SPEC CHECKSUMS:
  Alamofire: 1c4fb5369c3fe93d2857c780d8bbe09f06f97e7c
  Faye: 3afe22a923fe04273462ecd639f897a90196e6d5
  GetStream: e0bd7ca3108cc9ee99d5d097197962b0c2565982
  Moya: 5b45dacb75adb009f97fde91c204c1e565d31916
  Nuke: 279f17a599fd1c83cf51de5e0e1f2db143a287b0
  Reusable: 6bae6a5e8aa793c9c441db0213c863a64bce9136
  SnapKit: 97b92857e3df3a0c71833cce143274bf6ef8e5eb
  Starscream: 5178aed56b316f13fa3bc55694e583d35dd414d9
  Swime: d7b2c277503b6cea317774aedc2dce05613f8b0b

PODFILE CHECKSUM: 3f0ef063d50ebf49e2757e1f3b87725880928965

COCOAPODS: 1.11.2
